{
  "name": "motaleb",
  "version": "1.0.0",
  "lockfileVersion": 3,
  "requires": true,
  "packages": {
    "": {
      "name": "motaleb",
      "version": "1.0.0",
      "license": "ISC",
      "dependencies": {
        "movie-name": "^1.0.0",
        "random-fruits-name": "^1.10.1"
      }
    },
    "node_modules/movie-name": {
      "version": "1.0.0",
      "resolved": "https://registry.npmjs.org/movie-name/-/movie-name-1.0.0.tgz",
      "integrity": "sha512-W56CE+zXFbAlsO5egdfmmMvaEfl0logm2RcXtQ+3kvFE8eki4n73iJLlExFnRmP1hyVaMkxF3FWPpHwuGDiaDw==",
      "license": "MIT",
      "bin": {
        "movie-name": "cli.js"
      }
    },
    "node_modules/random-fruits-name": {
      "version": "1.10.1",
      "resolved": "https://registry.npmjs.org/random-fruits-name/-/random-fruits-name-1.10.1.tgz",
      "integrity": "sha512-IDOKbtmTRoMoCZ+V5tP6u24wdKcQg5ffYKrfrGL6EXOSajSsjHCGvsHG1DPlKEv6SAMG0tz/RfV3at7Kd1pspw==",
      "license": "MIT"
    }
  }
}
